
Microsoft Visual Studio Solution File, Format Version 12.00
# Visual Studio 15
VisualStudioVersion = 15.0.28307.168
MinimumVisualStudioVersion = 10.0.40219.1
Project("{FAE04EC0-301F-11D3-BF4B-00C04F79EFBC}") = "assignmentgroup", "assignmentgroup\assignmentgroup.csproj", "{B4C330B1-BFCC-4D35-BDA6-2C8EF695D568}"
EndProject
Global
	GlobalSection(SolutionConfigurationPlatforms) = preSolution
		Debug|Any CPU = Debug|Any CPU
		Release|Any CPU = Release|Any CPU
	EndGlobalSection
	GlobalSection(ProjectConfigurationPlatforms) = postSolution
		{B4C330B1-BFCC-4D35-BDA6-2C8EF695D568}.Debug|Any CPU.ActiveCfg = Debug|Any CPU
		{B4C330B1-BFCC-4D35-BDA6-2C8EF695D568}.Debug|Any CPU.Build.0 = Debug|Any CPU
		{B4C330B1-BFCC-4D35-BDA6-2C8EF695D568}.Release|Any CPU.ActiveCfg = Release|Any CPU
		{B4C330B1-BFCC-4D35-BDA6-2C8EF695D568}.Release|Any CPU.Build.0 = Release|Any CPU
	EndGlobalSection
	GlobalSection(SolutionProperties) = preSolution
		HideSolutionNode = FALSE
	EndGlobalSection
	GlobalSection(ExtensibilityGlobals) = postSolution
		SolutionGuid = {71CCA7FC-387F-4963-9591-774C14B5B2A5}
	EndGlobalSection
EndGlobal
